// !$*UTF8*$!
{
	archiveVersion = 1;
	classes = {
	};
	objectVersion = 46;
	objects = {

/* Begin PBXBuildFile section */
		C433441B1532BBB600B9EA9E /* client.cpp in Sources */ = {isa = PBXBuildFile; fileRef = C433441A1532BBB600B9EA9E /* client.cpp */; };
		C4DEC4B4152D98A5002AC38B /* main.cpp in Sources */ = {isa = PBXBuildFile; fileRef = C4DEC4B3152D98A5002AC38B /* main.cpp */; };
		C4DEC4B6152D98A5002AC38B /* gamelet.1 in CopyFiles */ = {isa = PBXBuildFile; fileRef = C4DEC4B5152D98A5002AC38B /* gamelet.1 */; };
		C4DEC4C2152D98C4002AC38B /* libevent.dylib in Frameworks */ = {isa = PBXBuildFile; fileRef = C4DEC4BD152D98C4002AC38B /* libevent.dylib */; };
		C4DEC4C3152D98C4002AC38B /* libevent_core.dylib in Frameworks */ = {isa = PBXBuildFile; fileRef = C4DEC4BE152D98C4002AC38B /* libevent_core.dylib */; };
		C4DEC4C4152D98C4002AC38B /* libevent_extra.dylib in Frameworks */ = {isa = PBXBuildFile; fileRef = C4DEC4BF152D98C4002AC38B /* libevent_extra.dylib */; };
		C4DEC4C5152D98C4002AC38B /* libevent_openssl.dylib in Frameworks */ = {isa = PBXBuildFile; fileRef = C4DEC4C0152D98C4002AC38B /* libevent_openssl.dylib */; };
		C4DEC4C6152D98C4002AC38B /* libevent_pthreads.dylib in Frameworks */ = {isa = PBXBuildFile; fileRef = C4DEC4C1152D98C4002AC38B /* libevent_pthreads.dylib */; };
		C4DEC4C9152D9958002AC38B /* cfgdata.cpp in Sources */ = {isa = PBXBuildFile; fileRef = C4DEC4C8152D9958002AC38B /* cfgdata.cpp */; };
		C4DEC4CC152D9C72002AC38B /* server.cpp in Sources */ = {isa = PBXBuildFile; fileRef = C4DEC4CB152D9C72002AC38B /* server.cpp */; };
		C4DEC4D4152DAA3F002AC38B /* alog.cpp in Sources */ = {isa = PBXBuildFile; fileRef = C4DEC4D3152DAA3F002AC38B /* alog.cpp */; };
/* End PBXBuildFile section */

/* Begin PBXCopyFilesBuildPhase section */
		C4DEC4AD152D98A4002AC38B /* CopyFiles */ = {
			isa = PBXCopyFilesBuildPhase;
			buildActionMask = 2147483647;
			dstPath = /usr/share/man/man1/;
			dstSubfolderSpec = 0;
			files = (
				C4DEC4B6152D98A5002AC38B /* gamelet.1 in CopyFiles */,
			);
			runOnlyForDeploymentPostprocessing = 1;
		};
/* End PBXCopyFilesBuildPhase section */

/* Begin PBXFileReference section */
		C43344191532BBAB00B9EA9E /* client.h */ = {isa = PBXFileReference; lastKnownFileType = sourcecode.c.h; path = client.h; sourceTree = "<group>"; };
		C433441A1532BBB600B9EA9E /* client.cpp */ = {isa = PBXFileReference; fileEncoding = 4; lastKnownFileType = sourcecode.cpp.cpp; path = client.cpp; sourceTree = "<group>"; };
		C433442C1532DA7B00B9EA9E /* README */ = {isa = PBXFileReference; fileEncoding = 4; lastKnownFileType = text; path = README; sourceTree = "<group>"; };
		C4DEC4AF152D98A4002AC38B /* gamelet */ = {isa = PBXFileReference; explicitFileType = "compiled.mach-o.executable"; includeInIndex = 0; path = gamelet; sourceTree = BUILT_PRODUCTS_DIR; };
		C4DEC4B3152D98A5002AC38B /* main.cpp */ = {isa = PBXFileReference; lastKnownFileType = sourcecode.cpp.cpp; path = main.cpp; sourceTree = "<group>"; };
		C4DEC4B5152D98A5002AC38B /* gamelet.1 */ = {isa = PBXFileReference; lastKnownFileType = text.man; path = gamelet.1; sourceTree = "<group>"; };
		C4DEC4BD152D98C4002AC38B /* libevent.dylib */ = {isa = PBXFileReference; lastKnownFileType = "compiled.mach-o.dylib"; name = libevent.dylib; path = usr/local/lib/libevent.dylib; sourceTree = SDKROOT; };
		C4DEC4BE152D98C4002AC38B /* libevent_core.dylib */ = {isa = PBXFileReference; lastKnownFileType = "compiled.mach-o.dylib"; name = libevent_core.dylib; path = usr/local/lib/libevent_core.dylib; sourceTree = SDKROOT; };
		C4DEC4BF152D98C4002AC38B /* libevent_extra.dylib */ = {isa = PBXFileReference; lastKnownFileType = "compiled.mach-o.dylib"; name = libevent_extra.dylib; path = usr/local/lib/libevent_extra.dylib; sourceTree = SDKROOT; };
		C4DEC4C0152D98C4002AC38B /* libevent_openssl.dylib */ = {isa = PBXFileReference; lastKnownFileType = "compiled.mach-o.dylib"; name = libevent_openssl.dylib; path = usr/local/lib/libevent_openssl.dylib; sourceTree = SDKROOT; };
		C4DEC4C1152D98C4002AC38B /* libevent_pthreads.dylib */ = {isa = PBXFileReference; lastKnownFileType = "compiled.mach-o.dylib"; name = libevent_pthreads.dylib; path = usr/local/lib/libevent_pthreads.dylib; sourceTree = SDKROOT; };
		C4DEC4C7152D9907002AC38B /* cfgdata.h */ = {isa = PBXFileReference; lastKnownFileType = sourcecode.c.h; path = cfgdata.h; sourceTree = "<group>"; };
		C4DEC4C8152D9958002AC38B /* cfgdata.cpp */ = {isa = PBXFileReference; fileEncoding = 4; lastKnownFileType = sourcecode.cpp.cpp; path = cfgdata.cpp; sourceTree = "<group>"; };
		C4DEC4CA152D9C66002AC38B /* server.h */ = {isa = PBXFileReference; lastKnownFileType = sourcecode.c.h; path = server.h; sourceTree = "<group>"; };
		C4DEC4CB152D9C72002AC38B /* server.cpp */ = {isa = PBXFileReference; fileEncoding = 4; lastKnownFileType = sourcecode.cpp.cpp; path = server.cpp; sourceTree = "<group>"; };
		C4DEC4D2152DA6E1002AC38B /* alog.h */ = {isa = PBXFileReference; lastKnownFileType = sourcecode.c.h; path = alog.h; sourceTree = "<group>"; };
		C4DEC4D3152DAA3F002AC38B /* alog.cpp */ = {isa = PBXFileReference; fileEncoding = 4; lastKnownFileType = sourcecode.cpp.cpp; path = alog.cpp; sourceTree = "<group>"; };
/* End PBXFileReference section */

/* Begin PBXFrameworksBuildPhase section */
		C4DEC4AC152D98A4002AC38B /* Frameworks */ = {
			isa = PBXFrameworksBuildPhase;
			buildActionMask = 2147483647;
			files = (
				C4DEC4C2152D98C4002AC38B /* libevent.dylib in Frameworks */,
				C4DEC4C3152D98C4002AC38B /* libevent_core.dylib in Frameworks */,
				C4DEC4C4152D98C4002AC38B /* libevent_extra.dylib in Frameworks */,
				C4DEC4C5152D98C4002AC38B /* libevent_openssl.dylib in Frameworks */,
				C4DEC4C6152D98C4002AC38B /* libevent_pthreads.dylib in Frameworks */,
			);
			runOnlyForDeploymentPostprocessing = 0;
		};
/* End PBXFrameworksBuildPhase section */

/* Begin PBXGroup section */
		C4DEC4A4152D98A4002AC38B = {
			isa = PBXGroup;
			children = (
				C4DEC4B2152D98A5002AC38B /* gamelet */,
				C4DEC4BC152D98B0002AC38B /* libs */,
				C4DEC4B0152D98A4002AC38B /* Products */,
			);
			sourceTree = "<group>";
		};
		C4DEC4B0152D98A4002AC38B /* Products */ = {
			isa = PBXGroup;
			children = (
				C4DEC4AF152D98A4002AC38B /* gamelet */,
			);
			name = Products;
			sourceTree = "<group>";
		};
		C4DEC4B2152D98A5002AC38B /* gamelet */ = {
			isa = PBXGroup;
			children = (
				C4DEC4B5152D98A5002AC38B /* gamelet.1 */,
				C4DEC4B3152D98A5002AC38B /* main.cpp */,
				C4DEC4D2152DA6E1002AC38B /* alog.h */,
				C4DEC4D3152DAA3F002AC38B /* alog.cpp */,
				C4DEC4C7152D9907002AC38B /* cfgdata.h */,
				C4DEC4C8152D9958002AC38B /* cfgdata.cpp */,
				C4DEC4CA152D9C66002AC38B /* server.h */,
				C4DEC4CB152D9C72002AC38B /* server.cpp */,
				C43344191532BBAB00B9EA9E /* client.h */,
				C433441A1532BBB600B9EA9E /* client.cpp */,
				C433442C1532DA7B00B9EA9E /* README */,
			);
			path = gamelet;
			sourceTree = "<group>";
		};
		C4DEC4BC152D98B0002AC38B /* libs */ = {
			isa = PBXGroup;
			children = (
				C4DEC4BD152D98C4002AC38B /* libevent.dylib */,
				C4DEC4BE152D98C4002AC38B /* libevent_core.dylib */,
				C4DEC4BF152D98C4002AC38B /* libevent_extra.dylib */,
				C4DEC4C0152D98C4002AC38B /* libevent_openssl.dylib */,
				C4DEC4C1152D98C4002AC38B /* libevent_pthreads.dylib */,
			);
			name = libs;
			sourceTree = "<group>";
		};
/* End PBXGroup section */

/* Begin PBXNativeTarget section */
		C4DEC4AE152D98A4002AC38B /* gamelet */ = {
			isa = PBXNativeTarget;
			buildConfigurationList = C4DEC4B9152D98A5002AC38B /* Build configuration list for PBXNativeTarget "gamelet" */;
			buildPhases = (
				C4DEC4AB152D98A4002AC38B /* Sources */,
				C4DEC4AC152D98A4002AC38B /* Frameworks */,
				C4DEC4AD152D98A4002AC38B /* CopyFiles */,
			);
			buildRules = (
			);
			dependencies = (
			);
			name = gamelet;
			productName = gamelet;
			productReference = C4DEC4AF152D98A4002AC38B /* gamelet */;
			productType = "com.apple.product-type.tool";
		};
/* End PBXNativeTarget section */

/* Begin PBXProject section */
		C4DEC4A6152D98A4002AC38B /* Project object */ = {
			isa = PBXProject;
			attributes = {
				LastUpgradeCheck = 0430;
				ORGANIZATIONNAME = "G4 Workshop";
			};
			buildConfigurationList = C4DEC4A9152D98A4002AC38B /* Build configuration list for PBXProject "gamelet" */;
			compatibilityVersion = "Xcode 3.2";
			developmentRegion = English;
			hasScannedForEncodings = 0;
			knownRegions = (
				en,
			);
			mainGroup = C4DEC4A4152D98A4002AC38B;
			productRefGroup = C4DEC4B0152D98A4002AC38B /* Products */;
			projectDirPath = "";
			projectRoot = "";
			targets = (
				C4DEC4AE152D98A4002AC38B /* gamelet */,
			);
		};
/* End PBXProject section */

/* Begin PBXSourcesBuildPhase section */
		C4DEC4AB152D98A4002AC38B /* Sources */ = {
			isa = PBXSourcesBuildPhase;
			buildActionMask = 2147483647;
			files = (
				C4DEC4B4152D98A5002AC38B /* main.cpp in Sources */,
				C4DEC4C9152D9958002AC38B /* cfgdata.cpp in Sources */,
				C4DEC4CC152D9C72002AC38B /* server.cpp in Sources */,
				C4DEC4D4152DAA3F002AC38B /* alog.cpp in Sources */,
				C433441B1532BBB600B9EA9E /* client.cpp in Sources */,
			);
			runOnlyForDeploymentPostprocessing = 0;
		};
/* End PBXSourcesBuildPhase section */

/* Begin XCBuildConfiguration section */
		C4DEC4B7152D98A5002AC38B /* Debug */ = {
			isa = XCBuildConfiguration;
			buildSettings = {
				ALWAYS_SEARCH_USER_PATHS = NO;
				ARCHS = "$(ARCHS_STANDARD_64_BIT)";
				COPY_PHASE_STRIP = NO;
				GCC_C_LANGUAGE_STANDARD = gnu99;
				GCC_DYNAMIC_NO_PIC = NO;
				GCC_ENABLE_OBJC_EXCEPTIONS = YES;
				GCC_OPTIMIZATION_LEVEL = 0;
				GCC_PREPROCESSOR_DEFINITIONS = (
					"DEBUG=1",
					"$(inherited)",
				);
				GCC_SYMBOLS_PRIVATE_EXTERN = NO;
				GCC_VERSION = com.apple.compilers.llvm.clang.1_0;
				GCC_WARN_64_TO_32_BIT_CONVERSION = YES;
				GCC_WARN_ABOUT_RETURN_TYPE = YES;
				GCC_WARN_UNINITIALIZED_AUTOS = YES;
				GCC_WARN_UNUSED_VARIABLE = YES;
				MACOSX_DEPLOYMENT_TARGET = 10.7;
				ONLY_ACTIVE_ARCH = YES;
				SDKROOT = macosx;
			};
			name = Debug;
		};
		C4DEC4B8152D98A5002AC38B /* Release */ = {
			isa = XCBuildConfiguration;
			buildSettings = {
				ALWAYS_SEARCH_USER_PATHS = NO;
				ARCHS = "$(ARCHS_STANDARD_64_BIT)";
				COPY_PHASE_STRIP = YES;
				DEBUG_INFORMATION_FORMAT = "dwarf-with-dsym";
				GCC_C_LANGUAGE_STANDARD = gnu99;
				GCC_ENABLE_OBJC_EXCEPTIONS = YES;
				GCC_VERSION = com.apple.compilers.llvm.clang.1_0;
				GCC_WARN_64_TO_32_BIT_CONVERSION = YES;
				GCC_WARN_ABOUT_RETURN_TYPE = YES;
				GCC_WARN_UNINITIALIZED_AUTOS = YES;
				GCC_WARN_UNUSED_VARIABLE = YES;
				MACOSX_DEPLOYMENT_TARGET = 10.7;
				SDKROOT = macosx;
			};
			name = Release;
		};
		C4DEC4BA152D98A5002AC38B /* Debug */ = {
			isa = XCBuildConfiguration;
			buildSettings = {
				PRODUCT_NAME = "$(TARGET_NAME)";
			};
			name = Debug;
		};
		C4DEC4BB152D98A5002AC38B /* Release */ = {
			isa = XCBuildConfiguration;
			buildSettings = {
				PRODUCT_NAME = "$(TARGET_NAME)";
			};
			name = Release;
		};
/* End XCBuildConfiguration section */

/* Begin XCConfigurationList section */
		C4DEC4A9152D98A4002AC38B /* Build configuration list for PBXProject "gamelet" */ = {
			isa = XCConfigurationList;
			buildConfigurations = (
				C4DEC4B7152D98A5002AC38B /* Debug */,
				C4DEC4B8152D98A5002AC38B /* Release */,
			);
			defaultConfigurationIsVisible = 0;
			defaultConfigurationName = Release;
		};
		C4DEC4B9152D98A5002AC38B /* Build configuration list for PBXNativeTarget "gamelet" */ = {
			isa = XCConfigurationList;
			buildConfigurations = (
				C4DEC4BA152D98A5002AC38B /* Debug */,
				C4DEC4BB152D98A5002AC38B /* Release */,
			);
			defaultConfigurationIsVisible = 0;
			defaultConfigurationName = Release;
		};
/* End XCConfigurationList section */
	};
	rootObject = C4DEC4A6152D98A4002AC38B /* Project object */;
}
